
Microsoft Visual Studio Solution File, Format Version 12.00
# Visual Studio 15
Project("{FAE04EC0-301F-11D3-BF4B-00C04F79EFBC}") = "Menu.Data", "Menu.Data\Menu.Data.csproj", "{EE9F783F-ED8D-4C9A-8691-11BD27B3E527}"
EndProject
Project("{FAE04EC0-301F-11D3-BF4B-00C04F79EFBC}") = "Menu.Core", "Menu.Core\Menu.Core.csproj", "{34988F90-5FF5-4380-B475-163573DEB54A}"
EndProject
Project("{FAE04EC0-301F-11D3-BF4B-00C04F79EFBC}") = "Menu.Service", "Menu.Service\Menu.Service.csproj", "{B063034D-788E-45EE-8F97-C55DEEA74B7A}"
EndProject
Project("{FAE04EC0-301F-11D3-BF4B-00C04F79EFBC}") = "Menu.Api", "Menu.Api\Menu.Api.csproj", "{313361F6-B441-4121-892E-C8B5EFE129F0}"
EndProject
Project("{FAE04EC0-301F-11D3-BF4B-00C04F79EFBC}") = "Menu.Kitchen", "Menu.Kitchen\Menu.Kitchen.csproj", "{1C9CF0C8-1FD8-4783-8EDC-9F63AFE1BF8B}"
EndProject
Project("{FAE04EC0-301F-11D3-BF4B-00C04F79EFBC}") = "Menu.Cash", "Menu.Cash\Menu.Cash.csproj", "{AA0C784B-57E6-4DA2-813B-4E8C439B82D7}"
EndProject
Project("{FAE04EC0-301F-11D3-BF4B-00C04F79EFBC}") = "Menu.Business", "Menu.Business\Menu.Business.csproj", "{D18FD50F-C203-4388-BBF1-D4880855D5E3}"
EndProject
Global
	GlobalSection(SolutionConfigurationPlatforms) = preSolution
		Debug|Any CPU = Debug|Any CPU
		Release|Any CPU = Release|Any CPU
	EndGlobalSection
	GlobalSection(ProjectConfigurationPlatforms) = postSolution
		{EE9F783F-ED8D-4C9A-8691-11BD27B3E527}.Debug|Any CPU.ActiveCfg = Debug|Any CPU
		{EE9F783F-ED8D-4C9A-8691-11BD27B3E527}.Debug|Any CPU.Build.0 = Debug|Any CPU
		{EE9F783F-ED8D-4C9A-8691-11BD27B3E527}.Release|Any CPU.ActiveCfg = Release|Any CPU
		{EE9F783F-ED8D-4C9A-8691-11BD27B3E527}.Release|Any CPU.Build.0 = Release|Any CPU
		{34988F90-5FF5-4380-B475-163573DEB54A}.Debug|Any CPU.ActiveCfg = Debug|Any CPU
		{34988F90-5FF5-4380-B475-163573DEB54A}.Debug|Any CPU.Build.0 = Debug|Any CPU
		{34988F90-5FF5-4380-B475-163573DEB54A}.Release|Any CPU.ActiveCfg = Release|Any CPU
		{34988F90-5FF5-4380-B475-163573DEB54A}.Release|Any CPU.Build.0 = Release|Any CPU
		{B063034D-788E-45EE-8F97-C55DEEA74B7A}.Debug|Any CPU.ActiveCfg = Debug|Any CPU
		{B063034D-788E-45EE-8F97-C55DEEA74B7A}.Debug|Any CPU.Build.0 = Debug|Any CPU
		{B063034D-788E-45EE-8F97-C55DEEA74B7A}.Release|Any CPU.ActiveCfg = Release|Any CPU
		{B063034D-788E-45EE-8F97-C55DEEA74B7A}.Release|Any CPU.Build.0 = Release|Any CPU
		{313361F6-B441-4121-892E-C8B5EFE129F0}.Debug|Any CPU.ActiveCfg = Debug|Any CPU
		{313361F6-B441-4121-892E-C8B5EFE129F0}.Debug|Any CPU.Build.0 = Debug|Any CPU
		{313361F6-B441-4121-892E-C8B5EFE129F0}.Release|Any CPU.ActiveCfg = Release|Any CPU
		{313361F6-B441-4121-892E-C8B5EFE129F0}.Release|Any CPU.Build.0 = Release|Any CPU
		{1C9CF0C8-1FD8-4783-8EDC-9F63AFE1BF8B}.Debug|Any CPU.ActiveCfg = Debug|Any CPU
		{1C9CF0C8-1FD8-4783-8EDC-9F63AFE1BF8B}.Debug|Any CPU.Build.0 = Debug|Any CPU
		{1C9CF0C8-1FD8-4783-8EDC-9F63AFE1BF8B}.Release|Any CPU.ActiveCfg = Release|Any CPU
		{1C9CF0C8-1FD8-4783-8EDC-9F63AFE1BF8B}.Release|Any CPU.Build.0 = Release|Any CPU
		{AA0C784B-57E6-4DA2-813B-4E8C439B82D7}.Debug|Any CPU.ActiveCfg = Debug|Any CPU
		{AA0C784B-57E6-4DA2-813B-4E8C439B82D7}.Debug|Any CPU.Build.0 = Debug|Any CPU
		{AA0C784B-57E6-4DA2-813B-4E8C439B82D7}.Release|Any CPU.ActiveCfg = Release|Any CPU
		{AA0C784B-57E6-4DA2-813B-4E8C439B82D7}.Release|Any CPU.Build.0 = Release|Any CPU
		{D18FD50F-C203-4388-BBF1-D4880855D5E3}.Debug|Any CPU.ActiveCfg = Debug|Any CPU
		{D18FD50F-C203-4388-BBF1-D4880855D5E3}.Debug|Any CPU.Build.0 = Debug|Any CPU
		{D18FD50F-C203-4388-BBF1-D4880855D5E3}.Release|Any CPU.ActiveCfg = Release|Any CPU
		{D18FD50F-C203-4388-BBF1-D4880855D5E3}.Release|Any CPU.Build.0 = Release|Any CPU
	EndGlobalSection
EndGlobal
